
Microsoft Visual Studio Solution File, Format Version 12.00
# Visual Studio Version 16
VisualStudioVersion = 16.0.30406.217
MinimumVisualStudioVersion = 10.0.40219.1
Project("{FAE04EC0-301F-11D3-BF4B-00C04F79EFBC}") = "2020-09-08", "2020-09-08\2020-09-08.csproj", "{C1E70978-23B8-401E-BA36-DE2496CB2AFE}"
EndProject
Project("{FAE04EC0-301F-11D3-BF4B-00C04F79EFBC}") = "ClassLibrary1", "ClassLibrary1\ClassLibrary1.csproj", "{DC452D81-D7C5-4B29-AF6E-9C9999546FB7}"
EndProject
Global
	GlobalSection(SolutionConfigurationPlatforms) = preSolution
		Debug|Any CPU = Debug|Any CPU
		Release|Any CPU = Release|Any CPU
	EndGlobalSection
	GlobalSection(ProjectConfigurationPlatforms) = postSolution
		{C1E70978-23B8-401E-BA36-DE2496CB2AFE}.Debug|Any CPU.ActiveCfg = Debug|Any CPU
		{C1E70978-23B8-401E-BA36-DE2496CB2AFE}.Debug|Any CPU.Build.0 = Debug|Any CPU
		{C1E70978-23B8-401E-BA36-DE2496CB2AFE}.Release|Any CPU.ActiveCfg = Release|Any CPU
		{C1E70978-23B8-401E-BA36-DE2496CB2AFE}.Release|Any CPU.Build.0 = Release|Any CPU
		{DC452D81-D7C5-4B29-AF6E-9C9999546FB7}.Debug|Any CPU.ActiveCfg = Debug|Any CPU
		{DC452D81-D7C5-4B29-AF6E-9C9999546FB7}.Debug|Any CPU.Build.0 = Debug|Any CPU
		{DC452D81-D7C5-4B29-AF6E-9C9999546FB7}.Release|Any CPU.ActiveCfg = Release|Any CPU
		{DC452D81-D7C5-4B29-AF6E-9C9999546FB7}.Release|Any CPU.Build.0 = Release|Any CPU
	EndGlobalSection
	GlobalSection(SolutionProperties) = preSolution
		HideSolutionNode = FALSE
	EndGlobalSection
	GlobalSection(ExtensibilityGlobals) = postSolution
		SolutionGuid = {EF9543E0-49F2-428F-A24C-D69FD674AC2E}
	EndGlobalSection
EndGlobal
