
Microsoft Visual Studio Solution File, Format Version 12.00
# Visual Studio Version 16
VisualStudioVersion = 16.0.30406.217
MinimumVisualStudioVersion = 10.0.40219.1
Project("{9A19103F-16F7-4668-BE54-9A1E7A4F7556}") = "BlazorApp1", "BlazorApp1\BlazorApp1.csproj", "{E1EFB43D-FFA8-4E2D-B269-D2F8035B9CD4}"
EndProject
Project("{9A19103F-16F7-4668-BE54-9A1E7A4F7556}") = "WebApplication1", "WebApplication1\WebApplication1.csproj", "{A54D3BB6-19F6-49DE-A979-52D5DD7060BD}"
EndProject
Project("{9A19103F-16F7-4668-BE54-9A1E7A4F7556}") = "ClassLibrary1", "ClassLibrary1\ClassLibrary1.csproj", "{6A4F77B5-B6BB-4887-98CA-32AC7697D5C1}"
EndProject
Global
	GlobalSection(SolutionConfigurationPlatforms) = preSolution
		Debug|Any CPU = Debug|Any CPU
		Release|Any CPU = Release|Any CPU
	EndGlobalSection
	GlobalSection(ProjectConfigurationPlatforms) = postSolution
		{E1EFB43D-FFA8-4E2D-B269-D2F8035B9CD4}.Debug|Any CPU.ActiveCfg = Debug|Any CPU
		{E1EFB43D-FFA8-4E2D-B269-D2F8035B9CD4}.Debug|Any CPU.Build.0 = Debug|Any CPU
		{E1EFB43D-FFA8-4E2D-B269-D2F8035B9CD4}.Release|Any CPU.ActiveCfg = Release|Any CPU
		{E1EFB43D-FFA8-4E2D-B269-D2F8035B9CD4}.Release|Any CPU.Build.0 = Release|Any CPU
		{A54D3BB6-19F6-49DE-A979-52D5DD7060BD}.Debug|Any CPU.ActiveCfg = Debug|Any CPU
		{A54D3BB6-19F6-49DE-A979-52D5DD7060BD}.Debug|Any CPU.Build.0 = Debug|Any CPU
		{A54D3BB6-19F6-49DE-A979-52D5DD7060BD}.Release|Any CPU.ActiveCfg = Release|Any CPU
		{A54D3BB6-19F6-49DE-A979-52D5DD7060BD}.Release|Any CPU.Build.0 = Release|Any CPU
		{6A4F77B5-B6BB-4887-98CA-32AC7697D5C1}.Debug|Any CPU.ActiveCfg = Debug|Any CPU
		{6A4F77B5-B6BB-4887-98CA-32AC7697D5C1}.Debug|Any CPU.Build.0 = Debug|Any CPU
		{6A4F77B5-B6BB-4887-98CA-32AC7697D5C1}.Release|Any CPU.ActiveCfg = Release|Any CPU
		{6A4F77B5-B6BB-4887-98CA-32AC7697D5C1}.Release|Any CPU.Build.0 = Release|Any CPU
	EndGlobalSection
	GlobalSection(SolutionProperties) = preSolution
		HideSolutionNode = FALSE
	EndGlobalSection
	GlobalSection(ExtensibilityGlobals) = postSolution
		SolutionGuid = {8977DAEE-68FD-463D-B9C1-9FFF05B4CC3D}
	EndGlobalSection
EndGlobal
